{
  "name": "itsrunnew-migration",
  "version": "0.0.0",
  "lockfileVersion": 3,
  "requires": true,
  "packages": {
    "": {
      "name": "itsrunnew-migration",
      "version": "0.0.0",
      "workspaces": [
        "web",
        "packages/core",
        "services/schedule-api",
        "infra"
      ],
      "engines": {
        "node": ">=22.12.0 <25"
      }
    },
    "infra": {
      "name": "@itsrun/infra",
      "version": "0.0.0"
    },
    "node_modules/@itsrun/core": {
      "resolved": "packages/core",
      "link": true
    },
    "node_modules/@itsrun/infra": {
      "resolved": "infra",
      "link": true
    },
    "node_modules/@itsrun/schedule-api": {
      "resolved": "services/schedule-api",
      "link": true
    },
    "node_modules/@itsrun/web": {
      "resolved": "web",
      "link": true
    },
    "packages/core": {
      "name": "@itsrun/core",
      "version": "0.0.0"
    },
    "services/schedule-api": {
      "name": "@itsrun/schedule-api",
      "version": "0.0.0"
    },
    "web": {
      "name": "@itsrun/web",
      "version": "0.0.0"
    }
  }
}
